
Microsoft Visual Studio Solution File, Format Version 12.00
# Visual Studio Version 17
VisualStudioVersion = 17.5.001.0
MinimumVisualStudioVersion = 10.0.40219.1
Project("{2150E333-8FDC-42A3-9474-1A3956D46DE8}") = "Services", "Services", "{B41598F0-A1F8-4E18-8610-0DC40FF7734D}"
EndProject
Project("{9A19103F-16F7-4668-BE54-9A1E7A4F7556}") = "Basket.API", "Services\Basket.API\Basket.API.csproj", "{E63A840E-9DAC-4CEF-B78D-F050DC79F2AA}"
EndProject
Project("{9A19103F-16F7-4668-BE54-9A1E7A4F7556}") = "Catalog.API", "Services\Catalog.API\Catalog.API.csproj", "{8682934A-F69A-4B7C-B399-D1FF8102A640}"
EndProject
Project("{9A19103F-16F7-4668-BE54-9A1E7A4F7556}") = "Ordering.API", "Services\Ordering.API\Ordering.API.csproj", "{B6DF08C5-2732-4815-B0C2-BB49C846C6C1}"
EndProject
Project("{9A19103F-16F7-4668-BE54-9A1E7A4F7556}") = "Store.API", "Services\Store.API\Store.API.csproj", "{0CF3D013-DF49-475C-A409-23F8FF20B71C}"
EndProject
Project("{2150E333-8FDC-42A3-9474-1A3956D46DE8}") = "Web", "Web", "{4B5F7793-2530-4E4F-88F3-2D86AFBBAF09}"
EndProject
Project("{9A19103F-16F7-4668-BE54-9A1E7A4F7556}") = "coffeecapp", "Web\WebMVC\coffeecapp.csproj", "{3CD6E6DB-6813-4E92-BA25-24735A534154}"
EndProject
Global
	GlobalSection(SolutionConfigurationPlatforms) = preSolution
		Debug|Any CPU = Debug|Any CPU
		Release|Any CPU = Release|Any CPU
	EndGlobalSection
	GlobalSection(ProjectConfigurationPlatforms) = postSolution
		{E63A840E-9DAC-4CEF-B78D-F050DC79F2AA}.Debug|Any CPU.ActiveCfg = Debug|Any CPU
		{E63A840E-9DAC-4CEF-B78D-F050DC79F2AA}.Debug|Any CPU.Build.0 = Debug|Any CPU
		{E63A840E-9DAC-4CEF-B78D-F050DC79F2AA}.Release|Any CPU.ActiveCfg = Release|Any CPU
		{E63A840E-9DAC-4CEF-B78D-F050DC79F2AA}.Release|Any CPU.Build.0 = Release|Any CPU
		{8682934A-F69A-4B7C-B399-D1FF8102A640}.Debug|Any CPU.ActiveCfg = Debug|Any CPU
		{8682934A-F69A-4B7C-B399-D1FF8102A640}.Debug|Any CPU.Build.0 = Debug|Any CPU
		{8682934A-F69A-4B7C-B399-D1FF8102A640}.Release|Any CPU.ActiveCfg = Release|Any CPU
		{8682934A-F69A-4B7C-B399-D1FF8102A640}.Release|Any CPU.Build.0 = Release|Any CPU
		{B6DF08C5-2732-4815-B0C2-BB49C846C6C1}.Debug|Any CPU.ActiveCfg = Debug|Any CPU
		{B6DF08C5-2732-4815-B0C2-BB49C846C6C1}.Debug|Any CPU.Build.0 = Debug|Any CPU
		{B6DF08C5-2732-4815-B0C2-BB49C846C6C1}.Release|Any CPU.ActiveCfg = Release|Any CPU
		{B6DF08C5-2732-4815-B0C2-BB49C846C6C1}.Release|Any CPU.Build.0 = Release|Any CPU
		{0CF3D013-DF49-475C-A409-23F8FF20B71C}.Debug|Any CPU.ActiveCfg = Debug|Any CPU
		{0CF3D013-DF49-475C-A409-23F8FF20B71C}.Debug|Any CPU.Build.0 = Debug|Any CPU
		{0CF3D013-DF49-475C-A409-23F8FF20B71C}.Release|Any CPU.ActiveCfg = Release|Any CPU
		{0CF3D013-DF49-475C-A409-23F8FF20B71C}.Release|Any CPU.Build.0 = Release|Any CPU
		{3CD6E6DB-6813-4E92-BA25-24735A534154}.Debug|Any CPU.ActiveCfg = Debug|Any CPU
		{3CD6E6DB-6813-4E92-BA25-24735A534154}.Debug|Any CPU.Build.0 = Debug|Any CPU
		{3CD6E6DB-6813-4E92-BA25-24735A534154}.Release|Any CPU.ActiveCfg = Release|Any CPU
		{3CD6E6DB-6813-4E92-BA25-24735A534154}.Release|Any CPU.Build.0 = Release|Any CPU
	EndGlobalSection
	GlobalSection(SolutionProperties) = preSolution
		HideSolutionNode = FALSE
	EndGlobalSection
	GlobalSection(NestedProjects) = preSolution
		{E63A840E-9DAC-4CEF-B78D-F050DC79F2AA} = {B41598F0-A1F8-4E18-8610-0DC40FF7734D}
		{8682934A-F69A-4B7C-B399-D1FF8102A640} = {B41598F0-A1F8-4E18-8610-0DC40FF7734D}
		{B6DF08C5-2732-4815-B0C2-BB49C846C6C1} = {B41598F0-A1F8-4E18-8610-0DC40FF7734D}
		{0CF3D013-DF49-475C-A409-23F8FF20B71C} = {B41598F0-A1F8-4E18-8610-0DC40FF7734D}
		{3CD6E6DB-6813-4E92-BA25-24735A534154} = {4B5F7793-2530-4E4F-88F3-2D86AFBBAF09}
	EndGlobalSection
	GlobalSection(ExtensibilityGlobals) = postSolution
		SolutionGuid = {63B12FBE-F1A8-4549-878F-70417D887D37}
	EndGlobalSection
EndGlobal
